
Microsoft Visual Studio Solution File, Format Version 12.00
# Visual Studio Version 17
VisualStudioVersion = 17.5.33414.496
MinimumVisualStudioVersion = 10.0.40219.1
Project("{9A19103F-16F7-4668-BE54-9A1E7A4F7556}") = "KozossegiAPI", "KozossegiAPI.csproj", "{75B9AE78-7142-4295-8091-3F6BEFCA4C07}"
EndProject
Project("{9A19103F-16F7-4668-BE54-9A1E7A4F7556}") = "BackgroundProcess", "..\BackgroundProcess\BackgroundProcess.csproj", "{C091B239-D7F9-4812-8EAD-43ECB7EA4CAD}"
EndProject
Project("{9A19103F-16F7-4668-BE54-9A1E7A4F7556}") = "KozossegiAPI.UnitTests", "..\KozossegiAPI.UnitTests\KozossegiAPI.UnitTests.csproj", "{B9FEDD8B-39A6-4823-8F96-8C3990676572}"
EndProject
Global
	GlobalSection(SolutionConfigurationPlatforms) = preSolution
		Debug|Any CPU = Debug|Any CPU
		Release|Any CPU = Release|Any CPU
	EndGlobalSection
	GlobalSection(ProjectConfigurationPlatforms) = postSolution
		{75B9AE78-7142-4295-8091-3F6BEFCA4C07}.Debug|Any CPU.ActiveCfg = Debug|Any CPU
		{75B9AE78-7142-4295-8091-3F6BEFCA4C07}.Debug|Any CPU.Build.0 = Debug|Any CPU
		{75B9AE78-7142-4295-8091-3F6BEFCA4C07}.Release|Any CPU.ActiveCfg = Release|Any CPU
		{75B9AE78-7142-4295-8091-3F6BEFCA4C07}.Release|Any CPU.Build.0 = Release|Any CPU
		{C091B239-D7F9-4812-8EAD-43ECB7EA4CAD}.Debug|Any CPU.ActiveCfg = Debug|Any CPU
		{C091B239-D7F9-4812-8EAD-43ECB7EA4CAD}.Debug|Any CPU.Build.0 = Debug|Any CPU
		{C091B239-D7F9-4812-8EAD-43ECB7EA4CAD}.Release|Any CPU.ActiveCfg = Release|Any CPU
		{C091B239-D7F9-4812-8EAD-43ECB7EA4CAD}.Release|Any CPU.Build.0 = Release|Any CPU
		{B9FEDD8B-39A6-4823-8F96-8C3990676572}.Debug|Any CPU.ActiveCfg = Debug|Any CPU
		{B9FEDD8B-39A6-4823-8F96-8C3990676572}.Debug|Any CPU.Build.0 = Debug|Any CPU
		{B9FEDD8B-39A6-4823-8F96-8C3990676572}.Release|Any CPU.ActiveCfg = Release|Any CPU
		{B9FEDD8B-39A6-4823-8F96-8C3990676572}.Release|Any CPU.Build.0 = Release|Any CPU
	EndGlobalSection
	GlobalSection(SolutionProperties) = preSolution
		HideSolutionNode = FALSE
	EndGlobalSection
	GlobalSection(ExtensibilityGlobals) = postSolution
		SolutionGuid = {0EEA918D-F271-4DB9-984F-0E13A5C64417}
	EndGlobalSection
EndGlobal
